
Microsoft Visual Studio Solution File, Format Version 12.00
# Visual Studio 15
VisualStudioVersion = 15.0.27130.2026
MinimumVisualStudioVersion = 10.0.40219.1
Project("{9A19103F-16F7-4668-BE54-9A1E7A4F7556}") = "Web", "Web.csproj", "{7A49F6C3-D666-4C18-BDA7-13C520D3A194}"
EndProject
Global
	GlobalSection(SolutionConfigurationPlatforms) = preSolution
		Debug|Any CPU = Debug|Any CPU
		Release|Any CPU = Release|Any CPU
	EndGlobalSection
	GlobalSection(ProjectConfigurationPlatforms) = postSolution
		{7A49F6C3-D666-4C18-BDA7-13C520D3A194}.Debug|Any CPU.ActiveCfg = Debug|Any CPU
		{7A49F6C3-D666-4C18-BDA7-13C520D3A194}.Debug|Any CPU.Build.0 = Debug|Any CPU
		{7A49F6C3-D666-4C18-BDA7-13C520D3A194}.Release|Any CPU.ActiveCfg = Release|Any CPU
		{7A49F6C3-D666-4C18-BDA7-13C520D3A194}.Release|Any CPU.Build.0 = Release|Any CPU
	EndGlobalSection
	GlobalSection(SolutionProperties) = preSolution
		HideSolutionNode = FALSE
	EndGlobalSection
	GlobalSection(ExtensibilityGlobals) = postSolution
		SolutionGuid = {00C71B2F-0C13-4F1C-B139-3A9FC4DE30B3}
	EndGlobalSection
EndGlobal
